
Microsoft Visual Studio Solution File, Format Version 12.00
# Visual Studio Version 16
VisualStudioVersion = 16.0.28803.452
MinimumVisualStudioVersion = 10.0.40219.1
Project("{FAE04EC0-301F-11D3-BF4B-00C04F79EFBC}") = "UnitTesting_XUnit", "UnitTesting_XUnit\UnitTesting_XUnit.csproj", "{77503509-7456-4612-AF55-33F7E6A876D3}"
EndProject
Project("{FAE04EC0-301F-11D3-BF4B-00C04F79EFBC}") = "Entities", "Entities\Entities.csproj", "{E38C24A9-67C3-4287-B33D-1AF82EBE1DA1}"
EndProject
Project("{FAE04EC0-301F-11D3-BF4B-00C04F79EFBC}") = "AccountManagement.Tests", "AccountManagement.Tests\AccountManagement.Tests.csproj", "{CDD9FDDA-9416-49E8-8738-62319A0ED8FD}"
EndProject
Project("{FAE04EC0-301F-11D3-BF4B-00C04F79EFBC}") = "Repositories", "Repositories\Repositories.csproj", "{6390A309-BDB7-4E80-AC6F-7F6A78A8E21C}"
EndProject
Project("{FAE04EC0-301F-11D3-BF4B-00C04F79EFBC}") = "Business", "Business\Business.csproj", "{602CAC4D-E7F7-45B7-94EE-5DC54DCEAD14}"
EndProject
Global
	GlobalSection(SolutionConfigurationPlatforms) = preSolution
		Debug|Any CPU = Debug|Any CPU
		Release|Any CPU = Release|Any CPU
	EndGlobalSection
	GlobalSection(ProjectConfigurationPlatforms) = postSolution
		{77503509-7456-4612-AF55-33F7E6A876D3}.Debug|Any CPU.ActiveCfg = Debug|Any CPU
		{77503509-7456-4612-AF55-33F7E6A876D3}.Debug|Any CPU.Build.0 = Debug|Any CPU
		{77503509-7456-4612-AF55-33F7E6A876D3}.Release|Any CPU.ActiveCfg = Release|Any CPU
		{77503509-7456-4612-AF55-33F7E6A876D3}.Release|Any CPU.Build.0 = Release|Any CPU
		{E38C24A9-67C3-4287-B33D-1AF82EBE1DA1}.Debug|Any CPU.ActiveCfg = Debug|Any CPU
		{E38C24A9-67C3-4287-B33D-1AF82EBE1DA1}.Debug|Any CPU.Build.0 = Debug|Any CPU
		{E38C24A9-67C3-4287-B33D-1AF82EBE1DA1}.Release|Any CPU.ActiveCfg = Release|Any CPU
		{E38C24A9-67C3-4287-B33D-1AF82EBE1DA1}.Release|Any CPU.Build.0 = Release|Any CPU
		{CDD9FDDA-9416-49E8-8738-62319A0ED8FD}.Debug|Any CPU.ActiveCfg = Debug|Any CPU
		{CDD9FDDA-9416-49E8-8738-62319A0ED8FD}.Debug|Any CPU.Build.0 = Debug|Any CPU
		{CDD9FDDA-9416-49E8-8738-62319A0ED8FD}.Release|Any CPU.ActiveCfg = Release|Any CPU
		{CDD9FDDA-9416-49E8-8738-62319A0ED8FD}.Release|Any CPU.Build.0 = Release|Any CPU
		{6390A309-BDB7-4E80-AC6F-7F6A78A8E21C}.Debug|Any CPU.ActiveCfg = Debug|Any CPU
		{6390A309-BDB7-4E80-AC6F-7F6A78A8E21C}.Debug|Any CPU.Build.0 = Debug|Any CPU
		{6390A309-BDB7-4E80-AC6F-7F6A78A8E21C}.Release|Any CPU.ActiveCfg = Release|Any CPU
		{6390A309-BDB7-4E80-AC6F-7F6A78A8E21C}.Release|Any CPU.Build.0 = Release|Any CPU
		{602CAC4D-E7F7-45B7-94EE-5DC54DCEAD14}.Debug|Any CPU.ActiveCfg = Debug|Any CPU
		{602CAC4D-E7F7-45B7-94EE-5DC54DCEAD14}.Debug|Any CPU.Build.0 = Debug|Any CPU
		{602CAC4D-E7F7-45B7-94EE-5DC54DCEAD14}.Release|Any CPU.ActiveCfg = Release|Any CPU
		{602CAC4D-E7F7-45B7-94EE-5DC54DCEAD14}.Release|Any CPU.Build.0 = Release|Any CPU
	EndGlobalSection
	GlobalSection(SolutionProperties) = preSolution
		HideSolutionNode = FALSE
	EndGlobalSection
	GlobalSection(ExtensibilityGlobals) = postSolution
		SolutionGuid = {44F7D840-411C-44ED-B745-4456602BC079}
	EndGlobalSection
EndGlobal
